
Microsoft Visual Studio Solution File, Format Version 12.00
# Visual Studio Version 17
VisualStudioVersion = 17.14.36518.9
MinimumVisualStudioVersion = 10.0.40219.1
Project("{FAE04EC0-301F-11D3-BF4B-00C04F79EFBC}") = "CompatabilityRulePacker", "CompatabilityRulePacker.csproj", "{162523F0-1096-48DA-9FA3-6FD4AA0C97DF}"
EndProject
Project("{FAE04EC0-301F-11D3-BF4B-00C04F79EFBC}") = "CompatabilityRulePackerTests", "..\CompatabilityRulePackerTests\CompatabilityRulePackerTests.csproj", "{462ECF24-A288-4BBE-866E-FFB07C635575}"
EndProject
Global
	GlobalSection(SolutionConfigurationPlatforms) = preSolution
		Debug|Any CPU = Debug|Any CPU
		Release|Any CPU = Release|Any CPU
	EndGlobalSection
	GlobalSection(ProjectConfigurationPlatforms) = postSolution
		{162523F0-1096-48DA-9FA3-6FD4AA0C97DF}.Debug|Any CPU.ActiveCfg = Debug|Any CPU
		{162523F0-1096-48DA-9FA3-6FD4AA0C97DF}.Debug|Any CPU.Build.0 = Debug|Any CPU
		{162523F0-1096-48DA-9FA3-6FD4AA0C97DF}.Release|Any CPU.ActiveCfg = Release|Any CPU
		{162523F0-1096-48DA-9FA3-6FD4AA0C97DF}.Release|Any CPU.Build.0 = Release|Any CPU
		{462ECF24-A288-4BBE-866E-FFB07C635575}.Debug|Any CPU.ActiveCfg = Debug|Any CPU
		{462ECF24-A288-4BBE-866E-FFB07C635575}.Debug|Any CPU.Build.0 = Debug|Any CPU
		{462ECF24-A288-4BBE-866E-FFB07C635575}.Release|Any CPU.ActiveCfg = Release|Any CPU
		{462ECF24-A288-4BBE-866E-FFB07C635575}.Release|Any CPU.Build.0 = Release|Any CPU
	EndGlobalSection
	GlobalSection(SolutionProperties) = preSolution
		HideSolutionNode = FALSE
	EndGlobalSection
	GlobalSection(ExtensibilityGlobals) = postSolution
		SolutionGuid = {F4663007-377B-4118-8765-5E6DAC5835D2}
	EndGlobalSection
EndGlobal
